
Microsoft Visual Studio Solution File, Format Version 12.00
# Visual Studio Version 17
VisualStudioVersion = 17.0.32014.148
MinimumVisualStudioVersion = 10.0.40219.1
Project("{9A19103F-16F7-4668-BE54-9A1E7A4F7556}") = "PortfolioApp.Entities", "PortfolioApp.Entities\PortfolioApp.Entities.csproj", "{045245F6-AA98-41D8-B57D-0D9D0BD8F62D}"
EndProject
Project("{9A19103F-16F7-4668-BE54-9A1E7A4F7556}") = "PortfolioApp.DataAccess", "PortfolioApp.DataAccess\PortfolioApp.DataAccess.csproj", "{750A7A72-C62B-4C12-939C-CA2E701434A7}"
EndProject
Project("{9A19103F-16F7-4668-BE54-9A1E7A4F7556}") = "PortfolioApp.DTO", "PortfolioApp.DTO\PortfolioApp.DTO.csproj", "{B06DA263-2FDD-415E-B44A-3FED496DA8A2}"
EndProject
Project("{9A19103F-16F7-4668-BE54-9A1E7A4F7556}") = "PortfolioApp.Business", "PortfolioApp.Business\PortfolioApp.Business.csproj", "{2654198C-DD4C-40A5-9068-DE61386D43C8}"
EndProject
Project("{9A19103F-16F7-4668-BE54-9A1E7A4F7556}") = "PortfolioApp.Web", "PortfolioApp.Web\PortfolioApp.Web.csproj", "{29F1B291-EAE5-4A7B-BCB8-5DF0138991B0}"
EndProject
Global
	GlobalSection(SolutionConfigurationPlatforms) = preSolution
		Debug|Any CPU = Debug|Any CPU
		Release|Any CPU = Release|Any CPU
	EndGlobalSection
	GlobalSection(ProjectConfigurationPlatforms) = postSolution
		{045245F6-AA98-41D8-B57D-0D9D0BD8F62D}.Debug|Any CPU.ActiveCfg = Debug|Any CPU
		{045245F6-AA98-41D8-B57D-0D9D0BD8F62D}.Debug|Any CPU.Build.0 = Debug|Any CPU
		{045245F6-AA98-41D8-B57D-0D9D0BD8F62D}.Release|Any CPU.ActiveCfg = Release|Any CPU
		{045245F6-AA98-41D8-B57D-0D9D0BD8F62D}.Release|Any CPU.Build.0 = Release|Any CPU
		{750A7A72-C62B-4C12-939C-CA2E701434A7}.Debug|Any CPU.ActiveCfg = Debug|Any CPU
		{750A7A72-C62B-4C12-939C-CA2E701434A7}.Debug|Any CPU.Build.0 = Debug|Any CPU
		{750A7A72-C62B-4C12-939C-CA2E701434A7}.Release|Any CPU.ActiveCfg = Release|Any CPU
		{750A7A72-C62B-4C12-939C-CA2E701434A7}.Release|Any CPU.Build.0 = Release|Any CPU
		{B06DA263-2FDD-415E-B44A-3FED496DA8A2}.Debug|Any CPU.ActiveCfg = Debug|Any CPU
		{B06DA263-2FDD-415E-B44A-3FED496DA8A2}.Debug|Any CPU.Build.0 = Debug|Any CPU
		{B06DA263-2FDD-415E-B44A-3FED496DA8A2}.Release|Any CPU.ActiveCfg = Release|Any CPU
		{B06DA263-2FDD-415E-B44A-3FED496DA8A2}.Release|Any CPU.Build.0 = Release|Any CPU
		{2654198C-DD4C-40A5-9068-DE61386D43C8}.Debug|Any CPU.ActiveCfg = Debug|Any CPU
		{2654198C-DD4C-40A5-9068-DE61386D43C8}.Debug|Any CPU.Build.0 = Debug|Any CPU
		{2654198C-DD4C-40A5-9068-DE61386D43C8}.Release|Any CPU.ActiveCfg = Release|Any CPU
		{2654198C-DD4C-40A5-9068-DE61386D43C8}.Release|Any CPU.Build.0 = Release|Any CPU
		{29F1B291-EAE5-4A7B-BCB8-5DF0138991B0}.Debug|Any CPU.ActiveCfg = Debug|Any CPU
		{29F1B291-EAE5-4A7B-BCB8-5DF0138991B0}.Debug|Any CPU.Build.0 = Debug|Any CPU
		{29F1B291-EAE5-4A7B-BCB8-5DF0138991B0}.Release|Any CPU.ActiveCfg = Release|Any CPU
		{29F1B291-EAE5-4A7B-BCB8-5DF0138991B0}.Release|Any CPU.Build.0 = Release|Any CPU
	EndGlobalSection
	GlobalSection(SolutionProperties) = preSolution
		HideSolutionNode = FALSE
	EndGlobalSection
	GlobalSection(ExtensibilityGlobals) = postSolution
		SolutionGuid = {11848D4F-9E1A-47E7-8886-AC9D81FED378}
	EndGlobalSection
EndGlobal
